// !$*UTF8*$!
{
	archiveVersion = 1;
	classes = {
	};
	objectVersion = 50;
	objects = {

/* Begin PBXBuildFile section */
		83B32697245B5807002FB0B3 /* AppDelegate.swift in Sources */ = {isa = PBXBuildFile; fileRef = 83B32696245B5807002FB0B3 /* AppDelegate.swift */; };
		83B32699245B5807002FB0B3 /* SceneDelegate.swift in Sources */ = {isa = PBXBuildFile; fileRef = 83B32698245B5807002FB0B3 /* SceneDelegate.swift */; };
		83B3269B245B5807002FB0B3 /* ContentView.swift in Sources */ = {isa = PBXBuildFile; fileRef = 83B3269A245B5807002FB0B3 /* ContentView.swift */; };
		83B3269D245B5808002FB0B3 /* Assets.xcassets in Resources */ = {isa = PBXBuildFile; fileRef = 83B3269C245B5808002FB0B3 /* Assets.xcassets */; };
		83B326A0245B5808002FB0B3 /* Preview Assets.xcassets in Resources */ = {isa = PBXBuildFile; fileRef = 83B3269F245B5808002FB0B3 /* Preview Assets.xcassets */; };
		83B326A3245B5808002FB0B3 /* LaunchScreen.storyboard in Resources */ = {isa = PBXBuildFile; fileRef = 83B326A1245B5808002FB0B3 /* LaunchScreen.storyboard */; };
		83B326AB245B5831002FB0B3 /* Model.swift in Sources */ = {isa = PBXBuildFile; fileRef = 83B326AA245B5831002FB0B3 /* Model.swift */; };
		83B326AD245B5B1E002FB0B3 /* Point.swift in Sources */ = {isa = PBXBuildFile; fileRef = 83B326AC245B5B1E002FB0B3 /* Point.swift */; };
		83B326AF245B6028002FB0B3 /* NWSWeatherApi.swift in Sources */ = {isa = PBXBuildFile; fileRef = 83B326AE245B6028002FB0B3 /* NWSWeatherApi.swift */; };
/* End PBXBuildFile section */

/* Begin PBXFileReference section */
		83B32693245B5807002FB0B3 /* NWSWeather.app */ = {isa = PBXFileReference; explicitFileType = wrapper.application; includeInIndex = 0; path = NWSWeather.app; sourceTree = BUILT_PRODUCTS_DIR; };
		83B32696245B5807002FB0B3 /* AppDelegate.swift */ = {isa = PBXFileReference; lastKnownFileType = sourcecode.swift; path = AppDelegate.swift; sourceTree = "<group>"; };
		83B32698245B5807002FB0B3 /* SceneDelegate.swift */ = {isa = PBXFileReference; lastKnownFileType = sourcecode.swift; path = SceneDelegate.swift; sourceTree = "<group>"; };
		83B3269A245B5807002FB0B3 /* ContentView.swift */ = {isa = PBXFileReference; lastKnownFileType = sourcecode.swift; path = ContentView.swift; sourceTree = "<group>"; };
		83B3269C245B5808002FB0B3 /* Assets.xcassets */ = {isa = PBXFileReference; lastKnownFileType = folder.assetcatalog; path = Assets.xcassets; sourceTree = "<group>"; };
		83B3269F245B5808002FB0B3 /* Preview Assets.xcassets */ = {isa = PBXFileReference; lastKnownFileType = folder.assetcatalog; path = "Preview Assets.xcassets"; sourceTree = "<group>"; };
		83B326A2245B5808002FB0B3 /* Base */ = {isa = PBXFileReference; lastKnownFileType = file.storyboard; name = Base; path = Base.lproj/LaunchScreen.storyboard; sourceTree = "<group>"; };
		83B326A4245B5808002FB0B3 /* Info.plist */ = {isa = PBXFileReference; lastKnownFileType = text.plist.xml; path = Info.plist; sourceTree = "<group>"; };
		83B326AA245B5831002FB0B3 /* Model.swift */ = {isa = PBXFileReference; lastKnownFileType = sourcecode.swift; path = Model.swift; sourceTree = "<group>"; };
		83B326AC245B5B1E002FB0B3 /* Point.swift */ = {isa = PBXFileReference; lastKnownFileType = sourcecode.swift; path = Point.swift; sourceTree = "<group>"; };
		83B326AE245B6028002FB0B3 /* NWSWeatherApi.swift */ = {isa = PBXFileReference; lastKnownFileType = sourcecode.swift; path = NWSWeatherApi.swift; sourceTree = "<group>"; };
/* End PBXFileReference section */

/* Begin PBXFrameworksBuildPhase section */
		83B32690245B5807002FB0B3 /* Frameworks */ = {
			isa = PBXFrameworksBuildPhase;
			buildActionMask = 2147483647;
			files = (
			);
			runOnlyForDeploymentPostprocessing = 0;
		};
/* End PBXFrameworksBuildPhase section */

/* Begin PBXGroup section */
		83B3268A245B5807002FB0B3 = {
			isa = PBXGroup;
			children = (
				83B32695245B5807002FB0B3 /* NWSWeather */,
				83B32694245B5807002FB0B3 /* Products */,
			);
			sourceTree = "<group>";
		};
		83B32694245B5807002FB0B3 /* Products */ = {
			isa = PBXGroup;
			children = (
				83B32693245B5807002FB0B3 /* NWSWeather.app */,
			);
			name = Products;
			sourceTree = "<group>";
		};
		83B32695245B5807002FB0B3 /* NWSWeather */ = {
			isa = PBXGroup;
			children = (
				83B32696245B5807002FB0B3 /* AppDelegate.swift */,
				83B32698245B5807002FB0B3 /* SceneDelegate.swift */,
				83B3269A245B5807002FB0B3 /* ContentView.swift */,
				83B3269C245B5808002FB0B3 /* Assets.xcassets */,
				83B326A1245B5808002FB0B3 /* LaunchScreen.storyboard */,
				83B326A4245B5808002FB0B3 /* Info.plist */,
				83B3269E245B5808002FB0B3 /* Preview Content */,
				83B326AA245B5831002FB0B3 /* Model.swift */,
				83B326AC245B5B1E002FB0B3 /* Point.swift */,
				83B326AE245B6028002FB0B3 /* NWSWeatherApi.swift */,
			);
			path = NWSWeather;
			sourceTree = "<group>";
		};
		83B3269E245B5808002FB0B3 /* Preview Content */ = {
			isa = PBXGroup;
			children = (
				83B3269F245B5808002FB0B3 /* Preview Assets.xcassets */,
			);
			path = "Preview Content";
			sourceTree = "<group>";
		};
/* End PBXGroup section */

/* Begin PBXNativeTarget section */
		83B32692245B5807002FB0B3 /* NWSWeather */ = {
			isa = PBXNativeTarget;
			buildConfigurationList = 83B326A7245B5808002FB0B3 /* Build configuration list for PBXNativeTarget "NWSWeather" */;
			buildPhases = (
				83B3268F245B5807002FB0B3 /* Sources */,
				83B32690245B5807002FB0B3 /* Frameworks */,
				83B32691245B5807002FB0B3 /* Resources */,
			);
			buildRules = (
			);
			dependencies = (
			);
			name = NWSWeather;
			productName = NWSWeather;
			productReference = 83B32693245B5807002FB0B3 /* NWSWeather.app */;
			productType = "com.apple.product-type.application";
		};
/* End PBXNativeTarget section */

/* Begin PBXProject section */
		83B3268B245B5807002FB0B3 /* Project object */ = {
			isa = PBXProject;
			attributes = {
				LastSwiftUpdateCheck = 1140;
				LastUpgradeCheck = 1140;
				ORGANIZATIONNAME = "Roving Mobile, LLC";
				TargetAttributes = {
					83B32692245B5807002FB0B3 = {
						CreatedOnToolsVersion = 11.4.1;
					};
				};
			};
			buildConfigurationList = 83B3268E245B5807002FB0B3 /* Build configuration list for PBXProject "NWSWeather" */;
			compatibilityVersion = "Xcode 9.3";
			developmentRegion = en;
			hasScannedForEncodings = 0;
			knownRegions = (
				en,
				Base,
			);
			mainGroup = 83B3268A245B5807002FB0B3;
			productRefGroup = 83B32694245B5807002FB0B3 /* Products */;
			projectDirPath = "";
			projectRoot = "";
			targets = (
				83B32692245B5807002FB0B3 /* NWSWeather */,
			);
		};
/* End PBXProject section */

/* Begin PBXResourcesBuildPhase section */
		83B32691245B5807002FB0B3 /* Resources */ = {
			isa = PBXResourcesBuildPhase;
			buildActionMask = 2147483647;
			files = (
				83B326A3245B5808002FB0B3 /* LaunchScreen.storyboard in Resources */,
				83B326A0245B5808002FB0B3 /* Preview Assets.xcassets in Resources */,
				83B3269D245B5808002FB0B3 /* Assets.xcassets in Resources */,
			);
			runOnlyForDeploymentPostprocessing = 0;
		};
/* End PBXResourcesBuildPhase section */

/* Begin PBXSourcesBuildPhase section */
		83B3268F245B5807002FB0B3 /* Sources */ = {
			isa = PBXSourcesBuildPhase;
			buildActionMask = 2147483647;
			files = (
				83B32697245B5807002FB0B3 /* AppDelegate.swift in Sources */,
				83B32699245B5807002FB0B3 /* SceneDelegate.swift in Sources */,
				83B3269B245B5807002FB0B3 /* ContentView.swift in Sources */,
				83B326AB245B5831002FB0B3 /* Model.swift in Sources */,
				83B326AF245B6028002FB0B3 /* NWSWeatherApi.swift in Sources */,
				83B326AD245B5B1E002FB0B3 /* Point.swift in Sources */,
			);
			runOnlyForDeploymentPostprocessing = 0;
		};
/* End PBXSourcesBuildPhase section */

/* Begin PBXVariantGroup section */
		83B326A1245B5808002FB0B3 /* LaunchScreen.storyboard */ = {
			isa = PBXVariantGroup;
			children = (
				83B326A2245B5808002FB0B3 /* Base */,
			);
			name = LaunchScreen.storyboard;
			sourceTree = "<group>";
		};
/* End PBXVariantGroup section */

/* Begin XCBuildConfiguration section */
		83B326A5245B5808002FB0B3 /* Debug */ = {
			isa = XCBuildConfiguration;
			buildSettings = {
				ALWAYS_SEARCH_USER_PATHS = NO;
				CLANG_ANALYZER_NONNULL = YES;
				CLANG_ANALYZER_NUMBER_OBJECT_CONVERSION = YES_AGGRESSIVE;
				CLANG_CXX_LANGUAGE_STANDARD = "gnu++14";
				CLANG_CXX_LIBRARY = "libc++";
				CLANG_ENABLE_MODULES = YES;
				CLANG_ENABLE_OBJC_ARC = YES;
				CLANG_ENABLE_OBJC_WEAK = YES;
				CLANG_WARN_BLOCK_CAPTURE_AUTORELEASING = YES;
				CLANG_WARN_BOOL_CONVERSION = YES;
				CLANG_WARN_COMMA = YES;
				CLANG_WARN_CONSTANT_CONVERSION = YES;
				CLANG_WARN_DEPRECATED_OBJC_IMPLEMENTATIONS = YES;
				CLANG_WARN_DIRECT_OBJC_ISA_USAGE = YES_ERROR;
				CLANG_WARN_DOCUMENTATION_COMMENTS = YES;
				CLANG_WARN_EMPTY_BODY = YES;
				CLANG_WARN_ENUM_CONVERSION = YES;
				CLANG_WARN_INFINITE_RECURSION = YES;
				CLANG_WARN_INT_CONVERSION = YES;
				CLANG_WARN_NON_LITERAL_NULL_CONVERSION = YES;
				CLANG_WARN_OBJC_IMPLICIT_RETAIN_SELF = YES;
				CLANG_WARN_OBJC_LITERAL_CONVERSION = YES;
				CLANG_WARN_OBJC_ROOT_CLASS = YES_ERROR;
				CLANG_WARN_RANGE_LOOP_ANALYSIS = YES;
				CLANG_WARN_STRICT_PROTOTYPES = YES;
				CLANG_WARN_SUSPICIOUS_MOVE = YES;
				CLANG_WARN_UNGUARDED_AVAILABILITY = YES_AGGRESSIVE;
				CLANG_WARN_UNREACHABLE_CODE = YES;
				CLANG_WARN__DUPLICATE_METHOD_MATCH = YES;
				COPY_PHASE_STRIP = NO;
				DEBUG_INFORMATION_FORMAT = dwarf;
				ENABLE_STRICT_OBJC_MSGSEND = YES;
				ENABLE_TESTABILITY = YES;
				GCC_C_LANGUAGE_STANDARD = gnu11;
				GCC_DYNAMIC_NO_PIC = NO;
				GCC_NO_COMMON_BLOCKS = YES;
				GCC_OPTIMIZATION_LEVEL = 0;
				GCC_PREPROCESSOR_DEFINITIONS = (
					"DEBUG=1",
					"$(inherited)",
				);
				GCC_WARN_64_TO_32_BIT_CONVERSION = YES;
				GCC_WARN_ABOUT_RETURN_TYPE = YES_ERROR;
				GCC_WARN_UNDECLARED_SELECTOR = YES;
				GCC_WARN_UNINITIALIZED_AUTOS = YES_AGGRESSIVE;
				GCC_WARN_UNUSED_FUNCTION = YES;
				GCC_WARN_UNUSED_VARIABLE = YES;
				IPHONEOS_DEPLOYMENT_TARGET = 14.5;
				MTL_ENABLE_DEBUG_INFO = INCLUDE_SOURCE;
				MTL_FAST_MATH = YES;
				ONLY_ACTIVE_ARCH = YES;
				SDKROOT = iphoneos;
				SWIFT_ACTIVE_COMPILATION_CONDITIONS = DEBUG;
				SWIFT_OPTIMIZATION_LEVEL = "-Onone";
			};
			name = Debug;
		};
		83B326A6245B5808002FB0B3 /* Release */ = {
			isa = XCBuildConfiguration;
			buildSettings = {
				ALWAYS_SEARCH_USER_PATHS = NO;
				CLANG_ANALYZER_NONNULL = YES;
				CLANG_ANALYZER_NUMBER_OBJECT_CONVERSION = YES_AGGRESSIVE;
				CLANG_CXX_LANGUAGE_STANDARD = "gnu++14";
				CLANG_CXX_LIBRARY = "libc++";
				CLANG_ENABLE_MODULES = YES;
				CLANG_ENABLE_OBJC_ARC = YES;
				CLANG_ENABLE_OBJC_WEAK = YES;
				CLANG_WARN_BLOCK_CAPTURE_AUTORELEASING = YES;
				CLANG_WARN_BOOL_CONVERSION = YES;
				CLANG_WARN_COMMA = YES;
				CLANG_WARN_CONSTANT_CONVERSION = YES;
				CLANG_WARN_DEPRECATED_OBJC_IMPLEMENTATIONS = YES;
				CLANG_WARN_DIRECT_OBJC_ISA_USAGE = YES_ERROR;
				CLANG_WARN_DOCUMENTATION_COMMENTS = YES;
				CLANG_WARN_EMPTY_BODY = YES;
				CLANG_WARN_ENUM_CONVERSION = YES;
				CLANG_WARN_INFINITE_RECURSION = YES;
				CLANG_WARN_INT_CONVERSION = YES;
				CLANG_WARN_NON_LITERAL_NULL_CONVERSION = YES;
				CLANG_WARN_OBJC_IMPLICIT_RETAIN_SELF = YES;
				CLANG_WARN_OBJC_LITERAL_CONVERSION = YES;
				CLANG_WARN_OBJC_ROOT_CLASS = YES_ERROR;
				CLANG_WARN_RANGE_LOOP_ANALYSIS = YES;
				CLANG_WARN_STRICT_PROTOTYPES = YES;
				CLANG_WARN_SUSPICIOUS_MOVE = YES;
				CLANG_WARN_UNGUARDED_AVAILABILITY = YES_AGGRESSIVE;
				CLANG_WARN_UNREACHABLE_CODE = YES;
				CLANG_WARN__DUPLICATE_METHOD_MATCH = YES;
				COPY_PHASE_STRIP = NO;
				DEBUG_INFORMATION_FORMAT = "dwarf-with-dsym";
				ENABLE_NS_ASSERTIONS = NO;
				ENABLE_STRICT_OBJC_MSGSEND = YES;
				GCC_C_LANGUAGE_STANDARD = gnu11;
				GCC_NO_COMMON_BLOCKS = YES;
				GCC_WARN_64_TO_32_BIT_CONVERSION = YES;
				GCC_WARN_ABOUT_RETURN_TYPE = YES_ERROR;
				GCC_WARN_UNDECLARED_SELECTOR = YES;
				GCC_WARN_UNINITIALIZED_AUTOS = YES_AGGRESSIVE;
				GCC_WARN_UNUSED_FUNCTION = YES;
				GCC_WARN_UNUSED_VARIABLE = YES;
				IPHONEOS_DEPLOYMENT_TARGET = 14.5;
				MTL_ENABLE_DEBUG_INFO = NO;
				MTL_FAST_MATH = YES;
				SDKROOT = iphoneos;
				SWIFT_COMPILATION_MODE = wholemodule;
				SWIFT_OPTIMIZATION_LEVEL = "-O";
				VALIDATE_PRODUCT = YES;
			};
			name = Release;
		};
		83B326A8245B5808002FB0B3 /* Debug */ = {
			isa = XCBuildConfiguration;
			buildSettings = {
				ASSETCATALOG_COMPILER_APPICON_NAME = AppIcon;
				CODE_SIGN_STYLE = Automatic;
				DEVELOPMENT_ASSET_PATHS = "\"NWSWeather/Preview Content\"";
				DEVELOPMENT_TEAM = JCM3ZMDL4E;
				ENABLE_PREVIEWS = YES;
				INFOPLIST_FILE = NWSWeather/Info.plist;
				LD_RUNPATH_SEARCH_PATHS = (
					"$(inherited)",
					"@executable_path/Frameworks",
				);
				PRODUCT_BUNDLE_IDENTIFIER = com.rovingmobile.NWSWeather;
				PRODUCT_NAME = "$(TARGET_NAME)";
				SWIFT_VERSION = 5.0;
				TARGETED_DEVICE_FAMILY = "1,2";
			};
			name = Debug;
		};
		83B326A9245B5808002FB0B3 /* Release */ = {
			isa = XCBuildConfiguration;
			buildSettings = {
				ASSETCATALOG_COMPILER_APPICON_NAME = AppIcon;
				CODE_SIGN_STYLE = Automatic;
				DEVELOPMENT_ASSET_PATHS = "\"NWSWeather/Preview Content\"";
				DEVELOPMENT_TEAM = JCM3ZMDL4E;
				ENABLE_PREVIEWS = YES;
				INFOPLIST_FILE = NWSWeather/Info.plist;
				LD_RUNPATH_SEARCH_PATHS = (
					"$(inherited)",
					"@executable_path/Frameworks",
				);
				PRODUCT_BUNDLE_IDENTIFIER = com.rovingmobile.NWSWeather;
				PRODUCT_NAME = "$(TARGET_NAME)";
				SWIFT_VERSION = 5.0;
				TARGETED_DEVICE_FAMILY = "1,2";
			};
			name = Release;
		};
/* End XCBuildConfiguration section */

/* Begin XCConfigurationList section */
		83B3268E245B5807002FB0B3 /* Build configuration list for PBXProject "NWSWeather" */ = {
			isa = XCConfigurationList;
			buildConfigurations = (
				83B326A5245B5808002FB0B3 /* Debug */,
				83B326A6245B5808002FB0B3 /* Release */,
			);
			defaultConfigurationIsVisible = 0;
			defaultConfigurationName = Release;
		};
		83B326A7245B5808002FB0B3 /* Build configuration list for PBXNativeTarget "NWSWeather" */ = {
			isa = XCConfigurationList;
			buildConfigurations = (
				83B326A8245B5808002FB0B3 /* Debug */,
				83B326A9245B5808002FB0B3 /* Release */,
			);
			defaultConfigurationIsVisible = 0;
			defaultConfigurationName = Release;
		};
/* End XCConfigurationList section */
	};
	rootObject = 83B3268B245B5807002FB0B3 /* Project object */;
}
