// !$*UTF8*$!
{
	archiveVersion = 1;
	classes = {
	};
	objectVersion = 50;
	objects = {

/* Begin PBXBuildFile section */
		834956CA275538EC00BB3164 /* ObservationView.swift in Sources */ = {isa = PBXBuildFile; fileRef = 834956C9275538EC00BB3164 /* ObservationView.swift */; };
		834956CC275593A700BB3164 /* DirectionsHelper.swift in Sources */ = {isa = PBXBuildFile; fileRef = 834956CB275593A700BB3164 /* DirectionsHelper.swift */; };
		834956CE2756E0E000BB3164 /* LocalFileManager.swift in Sources */ = {isa = PBXBuildFile; fileRef = 834956CD2756E0E000BB3164 /* LocalFileManager.swift */; };
		834956D02756E0F000BB3164 /* IconImageService.swift in Sources */ = {isa = PBXBuildFile; fileRef = 834956CF2756E0F000BB3164 /* IconImageService.swift */; };
		834956D32756E24100BB3164 /* IconImageView.swift in Sources */ = {isa = PBXBuildFile; fileRef = 834956D12756E24100BB3164 /* IconImageView.swift */; };
		834956D42756E24100BB3164 /* IconImageViewModel.swift in Sources */ = {isa = PBXBuildFile; fileRef = 834956D22756E24100BB3164 /* IconImageViewModel.swift */; };
		834956D7275A601400BB3164 /* DateHelper.swift in Sources */ = {isa = PBXBuildFile; fileRef = 834956D6275A601400BB3164 /* DateHelper.swift */; };
		8357D18A2754604F00968A4E /* PointMetadataView.swift in Sources */ = {isa = PBXBuildFile; fileRef = 8357D1892754604F00968A4E /* PointMetadataView.swift */; };
		8357D18C27546AB100968A4E /* Observation.swift in Sources */ = {isa = PBXBuildFile; fileRef = 8357D18B27546AB100968A4E /* Observation.swift */; };
		83814F3A275308A40077A0B9 /* NetworkingManager.swift in Sources */ = {isa = PBXBuildFile; fileRef = 83814F39275308A40077A0B9 /* NetworkingManager.swift */; };
		83814F40275312D90077A0B9 /* LocationManager.swift in Sources */ = {isa = PBXBuildFile; fileRef = 83814F3F275312D90077A0B9 /* LocationManager.swift */; };
		83814F422753208E0077A0B9 /* Period.swift in Sources */ = {isa = PBXBuildFile; fileRef = 83814F412753208E0077A0B9 /* Period.swift */; };
		83A230BA275473B0006E7495 /* UnitsHelper.swift in Sources */ = {isa = PBXBuildFile; fileRef = 83A230B9275473B0006E7495 /* UnitsHelper.swift */; };
		83A230BC275474B3006E7495 /* Double.swift in Sources */ = {isa = PBXBuildFile; fileRef = 83A230BB275474B3006E7495 /* Double.swift */; };
		83B32697245B5807002FB0B3 /* AppDelegate.swift in Sources */ = {isa = PBXBuildFile; fileRef = 83B32696245B5807002FB0B3 /* AppDelegate.swift */; };
		83B32699245B5807002FB0B3 /* SceneDelegate.swift in Sources */ = {isa = PBXBuildFile; fileRef = 83B32698245B5807002FB0B3 /* SceneDelegate.swift */; };
		83B3269B245B5807002FB0B3 /* HomeView.swift in Sources */ = {isa = PBXBuildFile; fileRef = 83B3269A245B5807002FB0B3 /* HomeView.swift */; };
		83B3269D245B5808002FB0B3 /* Assets.xcassets in Resources */ = {isa = PBXBuildFile; fileRef = 83B3269C245B5808002FB0B3 /* Assets.xcassets */; };
		83B326A0245B5808002FB0B3 /* Preview Assets.xcassets in Resources */ = {isa = PBXBuildFile; fileRef = 83B3269F245B5808002FB0B3 /* Preview Assets.xcassets */; };
		83B326A3245B5808002FB0B3 /* LaunchScreen.storyboard in Resources */ = {isa = PBXBuildFile; fileRef = 83B326A1245B5808002FB0B3 /* LaunchScreen.storyboard */; };
		83B326AB245B5831002FB0B3 /* HomeViewModel.swift in Sources */ = {isa = PBXBuildFile; fileRef = 83B326AA245B5831002FB0B3 /* HomeViewModel.swift */; };
		83B326AD245B5B1E002FB0B3 /* Point.swift in Sources */ = {isa = PBXBuildFile; fileRef = 83B326AC245B5B1E002FB0B3 /* Point.swift */; };
		83B326AF245B6028002FB0B3 /* NWSWeatherService.swift in Sources */ = {isa = PBXBuildFile; fileRef = 83B326AE245B6028002FB0B3 /* NWSWeatherService.swift */; };
		83C1159A2753A10E000222E8 /* Color.swift in Sources */ = {isa = PBXBuildFile; fileRef = 83C115992753A10E000222E8 /* Color.swift */; };
		83C1159E2753AB90000222E8 /* ForecastRowView.swift in Sources */ = {isa = PBXBuildFile; fileRef = 83C1159D2753AB90000222E8 /* ForecastRowView.swift */; };
		83C115A02753ABC1000222E8 /* PreviewProvider.swift in Sources */ = {isa = PBXBuildFile; fileRef = 83C1159F2753ABC1000222E8 /* PreviewProvider.swift */; };
		83DE3C06270F47380066520A /* Forecast.swift in Sources */ = {isa = PBXBuildFile; fileRef = 83DE3C05270F47380066520A /* Forecast.swift */; };
/* End PBXBuildFile section */

/* Begin PBXFileReference section */
		834956C9275538EC00BB3164 /* ObservationView.swift */ = {isa = PBXFileReference; lastKnownFileType = sourcecode.swift; path = ObservationView.swift; sourceTree = "<group>"; };
		834956CB275593A700BB3164 /* DirectionsHelper.swift */ = {isa = PBXFileReference; lastKnownFileType = sourcecode.swift; path = DirectionsHelper.swift; sourceTree = "<group>"; };
		834956CD2756E0E000BB3164 /* LocalFileManager.swift */ = {isa = PBXFileReference; fileEncoding = 4; lastKnownFileType = sourcecode.swift; path = LocalFileManager.swift; sourceTree = "<group>"; };
		834956CF2756E0F000BB3164 /* IconImageService.swift */ = {isa = PBXFileReference; fileEncoding = 4; lastKnownFileType = sourcecode.swift; path = IconImageService.swift; sourceTree = "<group>"; };
		834956D12756E24100BB3164 /* IconImageView.swift */ = {isa = PBXFileReference; fileEncoding = 4; lastKnownFileType = sourcecode.swift; path = IconImageView.swift; sourceTree = "<group>"; };
		834956D22756E24100BB3164 /* IconImageViewModel.swift */ = {isa = PBXFileReference; fileEncoding = 4; lastKnownFileType = sourcecode.swift; path = IconImageViewModel.swift; sourceTree = "<group>"; };
		834956D6275A601400BB3164 /* DateHelper.swift */ = {isa = PBXFileReference; lastKnownFileType = sourcecode.swift; path = DateHelper.swift; sourceTree = "<group>"; };
		8357D1892754604F00968A4E /* PointMetadataView.swift */ = {isa = PBXFileReference; lastKnownFileType = sourcecode.swift; path = PointMetadataView.swift; sourceTree = "<group>"; };
		8357D18B27546AB100968A4E /* Observation.swift */ = {isa = PBXFileReference; lastKnownFileType = sourcecode.swift; path = Observation.swift; sourceTree = "<group>"; };
		83814F39275308A40077A0B9 /* NetworkingManager.swift */ = {isa = PBXFileReference; fileEncoding = 4; lastKnownFileType = sourcecode.swift; path = NetworkingManager.swift; sourceTree = "<group>"; };
		83814F3F275312D90077A0B9 /* LocationManager.swift */ = {isa = PBXFileReference; lastKnownFileType = sourcecode.swift; path = LocationManager.swift; sourceTree = "<group>"; };
		83814F412753208E0077A0B9 /* Period.swift */ = {isa = PBXFileReference; lastKnownFileType = sourcecode.swift; path = Period.swift; sourceTree = "<group>"; };
		83A230B9275473B0006E7495 /* UnitsHelper.swift */ = {isa = PBXFileReference; lastKnownFileType = sourcecode.swift; path = UnitsHelper.swift; sourceTree = "<group>"; };
		83A230BB275474B3006E7495 /* Double.swift */ = {isa = PBXFileReference; lastKnownFileType = sourcecode.swift; path = Double.swift; sourceTree = "<group>"; };
		83B32693245B5807002FB0B3 /* NWSWeather.app */ = {isa = PBXFileReference; explicitFileType = wrapper.application; includeInIndex = 0; path = NWSWeather.app; sourceTree = BUILT_PRODUCTS_DIR; };
		83B32696245B5807002FB0B3 /* AppDelegate.swift */ = {isa = PBXFileReference; lastKnownFileType = sourcecode.swift; path = AppDelegate.swift; sourceTree = "<group>"; };
		83B32698245B5807002FB0B3 /* SceneDelegate.swift */ = {isa = PBXFileReference; lastKnownFileType = sourcecode.swift; path = SceneDelegate.swift; sourceTree = "<group>"; };
		83B3269A245B5807002FB0B3 /* HomeView.swift */ = {isa = PBXFileReference; lastKnownFileType = sourcecode.swift; path = HomeView.swift; sourceTree = "<group>"; };
		83B3269C245B5808002FB0B3 /* Assets.xcassets */ = {isa = PBXFileReference; lastKnownFileType = folder.assetcatalog; path = Assets.xcassets; sourceTree = "<group>"; };
		83B3269F245B5808002FB0B3 /* Preview Assets.xcassets */ = {isa = PBXFileReference; lastKnownFileType = folder.assetcatalog; path = "Preview Assets.xcassets"; sourceTree = "<group>"; };
		83B326A2245B5808002FB0B3 /* Base */ = {isa = PBXFileReference; lastKnownFileType = file.storyboard; name = Base; path = Base.lproj/LaunchScreen.storyboard; sourceTree = "<group>"; };
		83B326A4245B5808002FB0B3 /* Info.plist */ = {isa = PBXFileReference; lastKnownFileType = text.plist.xml; path = Info.plist; sourceTree = "<group>"; };
		83B326AA245B5831002FB0B3 /* HomeViewModel.swift */ = {isa = PBXFileReference; lastKnownFileType = sourcecode.swift; path = HomeViewModel.swift; sourceTree = "<group>"; };
		83B326AC245B5B1E002FB0B3 /* Point.swift */ = {isa = PBXFileReference; lastKnownFileType = sourcecode.swift; path = Point.swift; sourceTree = "<group>"; };
		83B326AE245B6028002FB0B3 /* NWSWeatherService.swift */ = {isa = PBXFileReference; lastKnownFileType = sourcecode.swift; path = NWSWeatherService.swift; sourceTree = "<group>"; };
		83C115992753A10E000222E8 /* Color.swift */ = {isa = PBXFileReference; lastKnownFileType = sourcecode.swift; path = Color.swift; sourceTree = "<group>"; };
		83C1159D2753AB90000222E8 /* ForecastRowView.swift */ = {isa = PBXFileReference; lastKnownFileType = sourcecode.swift; path = ForecastRowView.swift; sourceTree = "<group>"; };
		83C1159F2753ABC1000222E8 /* PreviewProvider.swift */ = {isa = PBXFileReference; lastKnownFileType = sourcecode.swift; path = PreviewProvider.swift; sourceTree = "<group>"; };
		83DE3C05270F47380066520A /* Forecast.swift */ = {isa = PBXFileReference; lastKnownFileType = sourcecode.swift; path = Forecast.swift; sourceTree = "<group>"; };
/* End PBXFileReference section */

/* Begin PBXFrameworksBuildPhase section */
		83B32690245B5807002FB0B3 /* Frameworks */ = {
			isa = PBXFrameworksBuildPhase;
			buildActionMask = 2147483647;
			files = (
			);
			runOnlyForDeploymentPostprocessing = 0;
		};
/* End PBXFrameworksBuildPhase section */

/* Begin PBXGroup section */
		834956D52756E34100BB3164 /* Components */ = {
			isa = PBXGroup;
			children = (
				834956D12756E24100BB3164 /* IconImageView.swift */,
				834956D22756E24100BB3164 /* IconImageViewModel.swift */,
			);
			path = Components;
			sourceTree = "<group>";
		};
		83814F37275306510077A0B9 /* Models */ = {
			isa = PBXGroup;
			children = (
				83DE3C05270F47380066520A /* Forecast.swift */,
				83814F412753208E0077A0B9 /* Period.swift */,
				83B326AC245B5B1E002FB0B3 /* Point.swift */,
				8357D18B27546AB100968A4E /* Observation.swift */,
			);
			path = Models;
			sourceTree = "<group>";
		};
		83814F38275306720077A0B9 /* Services */ = {
			isa = PBXGroup;
			children = (
				83B326AE245B6028002FB0B3 /* NWSWeatherService.swift */,
				834956CF2756E0F000BB3164 /* IconImageService.swift */,
			);
			path = Services;
			sourceTree = "<group>";
		};
		83814F3B275308AE0077A0B9 /* Utilities */ = {
			isa = PBXGroup;
			children = (
				83814F39275308A40077A0B9 /* NetworkingManager.swift */,
				834956CD2756E0E000BB3164 /* LocalFileManager.swift */,
				83814F3F275312D90077A0B9 /* LocationManager.swift */,
				83A230B9275473B0006E7495 /* UnitsHelper.swift */,
				834956CB275593A700BB3164 /* DirectionsHelper.swift */,
				834956D6275A601400BB3164 /* DateHelper.swift */,
			);
			path = Utilities;
			sourceTree = "<group>";
		};
		83814F3C27530A170077A0B9 /* ViewModels */ = {
			isa = PBXGroup;
			children = (
				83B326AA245B5831002FB0B3 /* HomeViewModel.swift */,
			);
			path = ViewModels;
			sourceTree = "<group>";
		};
		83814F3D27530A700077A0B9 /* Views */ = {
			isa = PBXGroup;
			children = (
				83B3269A245B5807002FB0B3 /* HomeView.swift */,
				8357D1892754604F00968A4E /* PointMetadataView.swift */,
				834956C9275538EC00BB3164 /* ObservationView.swift */,
				83C1159D2753AB90000222E8 /* ForecastRowView.swift */,
			);
			path = Views;
			sourceTree = "<group>";
		};
		83814F3E27530A830077A0B9 /* App */ = {
			isa = PBXGroup;
			children = (
				83B32696245B5807002FB0B3 /* AppDelegate.swift */,
				83B32698245B5807002FB0B3 /* SceneDelegate.swift */,
			);
			path = App;
			sourceTree = "<group>";
		};
		83B3268A245B5807002FB0B3 = {
			isa = PBXGroup;
			children = (
				83B32695245B5807002FB0B3 /* NWSWeather */,
				83B32694245B5807002FB0B3 /* Products */,
			);
			sourceTree = "<group>";
		};
		83B32694245B5807002FB0B3 /* Products */ = {
			isa = PBXGroup;
			children = (
				83B32693245B5807002FB0B3 /* NWSWeather.app */,
			);
			name = Products;
			sourceTree = "<group>";
		};
		83B32695245B5807002FB0B3 /* NWSWeather */ = {
			isa = PBXGroup;
			children = (
				83814F3E27530A830077A0B9 /* App */,
				83C115982753A0FB000222E8 /* Extensions */,
				83814F3B275308AE0077A0B9 /* Utilities */,
				83814F38275306720077A0B9 /* Services */,
				83814F37275306510077A0B9 /* Models */,
				834956D52756E34100BB3164 /* Components */,
				83814F3C27530A170077A0B9 /* ViewModels */,
				83814F3D27530A700077A0B9 /* Views */,
				83B3269C245B5808002FB0B3 /* Assets.xcassets */,
				83B326A1245B5808002FB0B3 /* LaunchScreen.storyboard */,
				83B326A4245B5808002FB0B3 /* Info.plist */,
				83B3269E245B5808002FB0B3 /* Preview Content */,
			);
			path = NWSWeather;
			sourceTree = "<group>";
		};
		83B3269E245B5808002FB0B3 /* Preview Content */ = {
			isa = PBXGroup;
			children = (
				83B3269F245B5808002FB0B3 /* Preview Assets.xcassets */,
			);
			path = "Preview Content";
			sourceTree = "<group>";
		};
		83C115982753A0FB000222E8 /* Extensions */ = {
			isa = PBXGroup;
			children = (
				83C1159F2753ABC1000222E8 /* PreviewProvider.swift */,
				83C115992753A10E000222E8 /* Color.swift */,
				83A230BB275474B3006E7495 /* Double.swift */,
			);
			path = Extensions;
			sourceTree = "<group>";
		};
/* End PBXGroup section */

/* Begin PBXNativeTarget section */
		83B32692245B5807002FB0B3 /* NWSWeather */ = {
			isa = PBXNativeTarget;
			buildConfigurationList = 83B326A7245B5808002FB0B3 /* Build configuration list for PBXNativeTarget "NWSWeather" */;
			buildPhases = (
				83B3268F245B5807002FB0B3 /* Sources */,
				83B32690245B5807002FB0B3 /* Frameworks */,
				83B32691245B5807002FB0B3 /* Resources */,
			);
			buildRules = (
			);
			dependencies = (
			);
			name = NWSWeather;
			productName = NWSWeather;
			productReference = 83B32693245B5807002FB0B3 /* NWSWeather.app */;
			productType = "com.apple.product-type.application";
		};
/* End PBXNativeTarget section */

/* Begin PBXProject section */
		83B3268B245B5807002FB0B3 /* Project object */ = {
			isa = PBXProject;
			attributes = {
				LastSwiftUpdateCheck = 1140;
				LastUpgradeCheck = 1250;
				ORGANIZATIONNAME = "Roving Mobile, LLC";
				TargetAttributes = {
					83B32692245B5807002FB0B3 = {
						CreatedOnToolsVersion = 11.4.1;
					};
				};
			};
			buildConfigurationList = 83B3268E245B5807002FB0B3 /* Build configuration list for PBXProject "NWSWeather" */;
			compatibilityVersion = "Xcode 9.3";
			developmentRegion = en;
			hasScannedForEncodings = 0;
			knownRegions = (
				en,
				Base,
			);
			mainGroup = 83B3268A245B5807002FB0B3;
			productRefGroup = 83B32694245B5807002FB0B3 /* Products */;
			projectDirPath = "";
			projectRoot = "";
			targets = (
				83B32692245B5807002FB0B3 /* NWSWeather */,
			);
		};
/* End PBXProject section */

/* Begin PBXResourcesBuildPhase section */
		83B32691245B5807002FB0B3 /* Resources */ = {
			isa = PBXResourcesBuildPhase;
			buildActionMask = 2147483647;
			files = (
				83B326A3245B5808002FB0B3 /* LaunchScreen.storyboard in Resources */,
				83B326A0245B5808002FB0B3 /* Preview Assets.xcassets in Resources */,
				83B3269D245B5808002FB0B3 /* Assets.xcassets in Resources */,
			);
			runOnlyForDeploymentPostprocessing = 0;
		};
/* End PBXResourcesBuildPhase section */

/* Begin PBXSourcesBuildPhase section */
		83B3268F245B5807002FB0B3 /* Sources */ = {
			isa = PBXSourcesBuildPhase;
			buildActionMask = 2147483647;
			files = (
				83B32697245B5807002FB0B3 /* AppDelegate.swift in Sources */,
				83814F422753208E0077A0B9 /* Period.swift in Sources */,
				83B32699245B5807002FB0B3 /* SceneDelegate.swift in Sources */,
				83A230BA275473B0006E7495 /* UnitsHelper.swift in Sources */,
				83814F40275312D90077A0B9 /* LocationManager.swift in Sources */,
				83C115A02753ABC1000222E8 /* PreviewProvider.swift in Sources */,
				83C1159A2753A10E000222E8 /* Color.swift in Sources */,
				834956CE2756E0E000BB3164 /* LocalFileManager.swift in Sources */,
				83DE3C06270F47380066520A /* Forecast.swift in Sources */,
				834956D7275A601400BB3164 /* DateHelper.swift in Sources */,
				8357D18C27546AB100968A4E /* Observation.swift in Sources */,
				83B3269B245B5807002FB0B3 /* HomeView.swift in Sources */,
				83B326AB245B5831002FB0B3 /* HomeViewModel.swift in Sources */,
				834956D42756E24100BB3164 /* IconImageViewModel.swift in Sources */,
				834956CC275593A700BB3164 /* DirectionsHelper.swift in Sources */,
				83814F3A275308A40077A0B9 /* NetworkingManager.swift in Sources */,
				83B326AF245B6028002FB0B3 /* NWSWeatherService.swift in Sources */,
				834956D32756E24100BB3164 /* IconImageView.swift in Sources */,
				83C1159E2753AB90000222E8 /* ForecastRowView.swift in Sources */,
				83B326AD245B5B1E002FB0B3 /* Point.swift in Sources */,
				83A230BC275474B3006E7495 /* Double.swift in Sources */,
				834956CA275538EC00BB3164 /* ObservationView.swift in Sources */,
				834956D02756E0F000BB3164 /* IconImageService.swift in Sources */,
				8357D18A2754604F00968A4E /* PointMetadataView.swift in Sources */,
			);
			runOnlyForDeploymentPostprocessing = 0;
		};
/* End PBXSourcesBuildPhase section */

/* Begin PBXVariantGroup section */
		83B326A1245B5808002FB0B3 /* LaunchScreen.storyboard */ = {
			isa = PBXVariantGroup;
			children = (
				83B326A2245B5808002FB0B3 /* Base */,
			);
			name = LaunchScreen.storyboard;
			sourceTree = "<group>";
		};
/* End PBXVariantGroup section */

/* Begin XCBuildConfiguration section */
		83B326A5245B5808002FB0B3 /* Debug */ = {
			isa = XCBuildConfiguration;
			buildSettings = {
				ALWAYS_SEARCH_USER_PATHS = NO;
				CLANG_ANALYZER_NONNULL = YES;
				CLANG_ANALYZER_NUMBER_OBJECT_CONVERSION = YES_AGGRESSIVE;
				CLANG_CXX_LANGUAGE_STANDARD = "gnu++14";
				CLANG_CXX_LIBRARY = "libc++";
				CLANG_ENABLE_MODULES = YES;
				CLANG_ENABLE_OBJC_ARC = YES;
				CLANG_ENABLE_OBJC_WEAK = YES;
				CLANG_WARN_BLOCK_CAPTURE_AUTORELEASING = YES;
				CLANG_WARN_BOOL_CONVERSION = YES;
				CLANG_WARN_COMMA = YES;
				CLANG_WARN_CONSTANT_CONVERSION = YES;
				CLANG_WARN_DEPRECATED_OBJC_IMPLEMENTATIONS = YES;
				CLANG_WARN_DIRECT_OBJC_ISA_USAGE = YES_ERROR;
				CLANG_WARN_DOCUMENTATION_COMMENTS = YES;
				CLANG_WARN_EMPTY_BODY = YES;
				CLANG_WARN_ENUM_CONVERSION = YES;
				CLANG_WARN_INFINITE_RECURSION = YES;
				CLANG_WARN_INT_CONVERSION = YES;
				CLANG_WARN_NON_LITERAL_NULL_CONVERSION = YES;
				CLANG_WARN_OBJC_IMPLICIT_RETAIN_SELF = YES;
				CLANG_WARN_OBJC_LITERAL_CONVERSION = YES;
				CLANG_WARN_OBJC_ROOT_CLASS = YES_ERROR;
				CLANG_WARN_QUOTED_INCLUDE_IN_FRAMEWORK_HEADER = YES;
				CLANG_WARN_RANGE_LOOP_ANALYSIS = YES;
				CLANG_WARN_STRICT_PROTOTYPES = YES;
				CLANG_WARN_SUSPICIOUS_MOVE = YES;
				CLANG_WARN_UNGUARDED_AVAILABILITY = YES_AGGRESSIVE;
				CLANG_WARN_UNREACHABLE_CODE = YES;
				CLANG_WARN__DUPLICATE_METHOD_MATCH = YES;
				COPY_PHASE_STRIP = NO;
				DEBUG_INFORMATION_FORMAT = dwarf;
				ENABLE_STRICT_OBJC_MSGSEND = YES;
				ENABLE_TESTABILITY = YES;
				GCC_C_LANGUAGE_STANDARD = gnu11;
				GCC_DYNAMIC_NO_PIC = NO;
				GCC_NO_COMMON_BLOCKS = YES;
				GCC_OPTIMIZATION_LEVEL = 0;
				GCC_PREPROCESSOR_DEFINITIONS = (
					"DEBUG=1",
					"$(inherited)",
				);
				GCC_WARN_64_TO_32_BIT_CONVERSION = YES;
				GCC_WARN_ABOUT_RETURN_TYPE = YES_ERROR;
				GCC_WARN_UNDECLARED_SELECTOR = YES;
				GCC_WARN_UNINITIALIZED_AUTOS = YES_AGGRESSIVE;
				GCC_WARN_UNUSED_FUNCTION = YES;
				GCC_WARN_UNUSED_VARIABLE = YES;
				IPHONEOS_DEPLOYMENT_TARGET = 14.5;
				MTL_ENABLE_DEBUG_INFO = INCLUDE_SOURCE;
				MTL_FAST_MATH = YES;
				ONLY_ACTIVE_ARCH = YES;
				SDKROOT = iphoneos;
				SWIFT_ACTIVE_COMPILATION_CONDITIONS = DEBUG;
				SWIFT_OPTIMIZATION_LEVEL = "-Onone";
			};
			name = Debug;
		};
		83B326A6245B5808002FB0B3 /* Release */ = {
			isa = XCBuildConfiguration;
			buildSettings = {
				ALWAYS_SEARCH_USER_PATHS = NO;
				CLANG_ANALYZER_NONNULL = YES;
				CLANG_ANALYZER_NUMBER_OBJECT_CONVERSION = YES_AGGRESSIVE;
				CLANG_CXX_LANGUAGE_STANDARD = "gnu++14";
				CLANG_CXX_LIBRARY = "libc++";
				CLANG_ENABLE_MODULES = YES;
				CLANG_ENABLE_OBJC_ARC = YES;
				CLANG_ENABLE_OBJC_WEAK = YES;
				CLANG_WARN_BLOCK_CAPTURE_AUTORELEASING = YES;
				CLANG_WARN_BOOL_CONVERSION = YES;
				CLANG_WARN_COMMA = YES;
				CLANG_WARN_CONSTANT_CONVERSION = YES;
				CLANG_WARN_DEPRECATED_OBJC_IMPLEMENTATIONS = YES;
				CLANG_WARN_DIRECT_OBJC_ISA_USAGE = YES_ERROR;
				CLANG_WARN_DOCUMENTATION_COMMENTS = YES;
				CLANG_WARN_EMPTY_BODY = YES;
				CLANG_WARN_ENUM_CONVERSION = YES;
				CLANG_WARN_INFINITE_RECURSION = YES;
				CLANG_WARN_INT_CONVERSION = YES;
				CLANG_WARN_NON_LITERAL_NULL_CONVERSION = YES;
				CLANG_WARN_OBJC_IMPLICIT_RETAIN_SELF = YES;
				CLANG_WARN_OBJC_LITERAL_CONVERSION = YES;
				CLANG_WARN_OBJC_ROOT_CLASS = YES_ERROR;
				CLANG_WARN_QUOTED_INCLUDE_IN_FRAMEWORK_HEADER = YES;
				CLANG_WARN_RANGE_LOOP_ANALYSIS = YES;
				CLANG_WARN_STRICT_PROTOTYPES = YES;
				CLANG_WARN_SUSPICIOUS_MOVE = YES;
				CLANG_WARN_UNGUARDED_AVAILABILITY = YES_AGGRESSIVE;
				CLANG_WARN_UNREACHABLE_CODE = YES;
				CLANG_WARN__DUPLICATE_METHOD_MATCH = YES;
				COPY_PHASE_STRIP = NO;
				DEBUG_INFORMATION_FORMAT = "dwarf-with-dsym";
				ENABLE_NS_ASSERTIONS = NO;
				ENABLE_STRICT_OBJC_MSGSEND = YES;
				GCC_C_LANGUAGE_STANDARD = gnu11;
				GCC_NO_COMMON_BLOCKS = YES;
				GCC_WARN_64_TO_32_BIT_CONVERSION = YES;
				GCC_WARN_ABOUT_RETURN_TYPE = YES_ERROR;
				GCC_WARN_UNDECLARED_SELECTOR = YES;
				GCC_WARN_UNINITIALIZED_AUTOS = YES_AGGRESSIVE;
				GCC_WARN_UNUSED_FUNCTION = YES;
				GCC_WARN_UNUSED_VARIABLE = YES;
				IPHONEOS_DEPLOYMENT_TARGET = 14.5;
				MTL_ENABLE_DEBUG_INFO = NO;
				MTL_FAST_MATH = YES;
				SDKROOT = iphoneos;
				SWIFT_COMPILATION_MODE = wholemodule;
				SWIFT_OPTIMIZATION_LEVEL = "-O";
				VALIDATE_PRODUCT = YES;
			};
			name = Release;
		};
		83B326A8245B5808002FB0B3 /* Debug */ = {
			isa = XCBuildConfiguration;
			buildSettings = {
				ASSETCATALOG_COMPILER_APPICON_NAME = AppIcon;
				CODE_SIGN_STYLE = Automatic;
				DEVELOPMENT_ASSET_PATHS = "\"NWSWeather/Preview Content\"";
				DEVELOPMENT_TEAM = JCM3ZMDL4E;
				ENABLE_PREVIEWS = YES;
				INFOPLIST_FILE = NWSWeather/Info.plist;
				LD_RUNPATH_SEARCH_PATHS = (
					"$(inherited)",
					"@executable_path/Frameworks",
				);
				PRODUCT_BUNDLE_IDENTIFIER = com.rovingmobile.NWSWeather;
				PRODUCT_NAME = "$(TARGET_NAME)";
				SWIFT_VERSION = 5.0;
				TARGETED_DEVICE_FAMILY = "1,2";
			};
			name = Debug;
		};
		83B326A9245B5808002FB0B3 /* Release */ = {
			isa = XCBuildConfiguration;
			buildSettings = {
				ASSETCATALOG_COMPILER_APPICON_NAME = AppIcon;
				CODE_SIGN_STYLE = Automatic;
				DEVELOPMENT_ASSET_PATHS = "\"NWSWeather/Preview Content\"";
				DEVELOPMENT_TEAM = JCM3ZMDL4E;
				ENABLE_PREVIEWS = YES;
				INFOPLIST_FILE = NWSWeather/Info.plist;
				LD_RUNPATH_SEARCH_PATHS = (
					"$(inherited)",
					"@executable_path/Frameworks",
				);
				PRODUCT_BUNDLE_IDENTIFIER = com.rovingmobile.NWSWeather;
				PRODUCT_NAME = "$(TARGET_NAME)";
				SWIFT_VERSION = 5.0;
				TARGETED_DEVICE_FAMILY = "1,2";
			};
			name = Release;
		};
/* End XCBuildConfiguration section */

/* Begin XCConfigurationList section */
		83B3268E245B5807002FB0B3 /* Build configuration list for PBXProject "NWSWeather" */ = {
			isa = XCConfigurationList;
			buildConfigurations = (
				83B326A5245B5808002FB0B3 /* Debug */,
				83B326A6245B5808002FB0B3 /* Release */,
			);
			defaultConfigurationIsVisible = 0;
			defaultConfigurationName = Release;
		};
		83B326A7245B5808002FB0B3 /* Build configuration list for PBXNativeTarget "NWSWeather" */ = {
			isa = XCConfigurationList;
			buildConfigurations = (
				83B326A8245B5808002FB0B3 /* Debug */,
				83B326A9245B5808002FB0B3 /* Release */,
			);
			defaultConfigurationIsVisible = 0;
			defaultConfigurationName = Release;
		};
/* End XCConfigurationList section */
	};
	rootObject = 83B3268B245B5807002FB0B3 /* Project object */;
}
